
Microsoft Visual Studio Solution File, Format Version 12.00
# Visual Studio Version 17
VisualStudioVersion = 17.8.34330.188
MinimumVisualStudioVersion = 10.0.40219.1
Project("{FAE04EC0-301F-11D3-BF4B-00C04F79EFBC}") = "week4", "week4\week4.csproj", "{F96A1017-4BC2-4475-AA84-01393BB20653}"
EndProject
Project("{FAE04EC0-301F-11D3-BF4B-00C04F79EFBC}") = "week42", "week42\week42.csproj", "{FE0B7455-130C-42FF-A3D3-679E38FAC81C}"
EndProject
Global
	GlobalSection(SolutionConfigurationPlatforms) = preSolution
		Debug|Any CPU = Debug|Any CPU
		Release|Any CPU = Release|Any CPU
	EndGlobalSection
	GlobalSection(ProjectConfigurationPlatforms) = postSolution
		{F96A1017-4BC2-4475-AA84-01393BB20653}.Debug|Any CPU.ActiveCfg = Debug|Any CPU
		{F96A1017-4BC2-4475-AA84-01393BB20653}.Debug|Any CPU.Build.0 = Debug|Any CPU
		{F96A1017-4BC2-4475-AA84-01393BB20653}.Release|Any CPU.ActiveCfg = Release|Any CPU
		{F96A1017-4BC2-4475-AA84-01393BB20653}.Release|Any CPU.Build.0 = Release|Any CPU
		{FE0B7455-130C-42FF-A3D3-679E38FAC81C}.Debug|Any CPU.ActiveCfg = Debug|Any CPU
		{FE0B7455-130C-42FF-A3D3-679E38FAC81C}.Debug|Any CPU.Build.0 = Debug|Any CPU
		{FE0B7455-130C-42FF-A3D3-679E38FAC81C}.Release|Any CPU.ActiveCfg = Release|Any CPU
		{FE0B7455-130C-42FF-A3D3-679E38FAC81C}.Release|Any CPU.Build.0 = Release|Any CPU
	EndGlobalSection
	GlobalSection(SolutionProperties) = preSolution
		HideSolutionNode = FALSE
	EndGlobalSection
	GlobalSection(ExtensibilityGlobals) = postSolution
		SolutionGuid = {ED6D049A-2FF2-432C-81B2-152DD989511D}
	EndGlobalSection
EndGlobal
